{
  "version": 4,
  "terraform_version": "1.6.2",
  "serial": 571,
  "lineage": "0a62c31e-ff90-b20c-c413-0c4d8a446f9e",
  "outputs": {},
  "resources": [
    {
      "mode": "managed",
      "type": "google_artifact_registry_repository",
      "name": "my-repo",
      "provider": "provider[\"registry.terraform.io/hashicorp/google\"]",
      "instances": [
        {
          "schema_version": 0,
          "attributes": {
            "create_time": "2023-10-29T06:38:26.130660Z",
            "description": "example docker repository",
            "docker_config": [],
            "effective_labels": {},
            "format": "DOCKER",
            "id": "projects/fady-401509/locations/us-central1/repositories/my-repository",
            "kms_key_name": "",
            "labels": {},
            "location": "us-central1",
            "maven_config": [],
            "mode": "STANDARD_REPOSITORY",
            "name": "my-repository",
            "project": "fady-401509",
            "remote_repository_config": [],
            "repository_id": "my-repository",
            "terraform_labels": {},
            "timeouts": null,
            "update_time": "2023-10-29T06:38:26.130660Z",
            "virtual_repository_config": []
          },
          "sensitive_attributes": [],
          "private": "eyJlMmJmYjczMC1lY2FhLTExZTYtOGY4OC0zNDM2M2JjN2M0YzAiOnsiY3JlYXRlIjoxMjAwMDAwMDAwMDAwLCJkZWxldGUiOjEyMDAwMDAwMDAwMDAsInVwZGF0ZSI6MTIwMDAwMDAwMDAwMH19"
        }
      ]
    },
    {
      "mode": "managed",
      "type": "google_compute_firewall",
      "name": "allow_ssh_from_iap",
      "provider": "provider[\"registry.terraform.io/hashicorp/google\"]",
      "instances": [
        {
          "schema_version": 1,
          "attributes": {
            "allow": [
              {
                "ports": [
                  "22"
                ],
                "protocol": "tcp"
              }
            ],
            "creation_timestamp": "2023-10-28T23:38:48.446-07:00",
            "deny": [],
            "description": "",
            "destination_ranges": [],
            "direction": "INGRESS",
            "disabled": false,
            "enable_logging": null,
            "id": "projects/fady-401509/global/firewalls/allow-ssh-from-iap",
            "log_config": [],
            "name": "allow-ssh-from-iap",
            "network": "https://www.googleapis.com/compute/v1/projects/fady-401509/global/networks/node-app-vpc",
            "priority": 1000,
            "project": "fady-401509",
            "self_link": "https://www.googleapis.com/compute/v1/projects/fady-401509/global/firewalls/allow-ssh-from-iap",
            "source_ranges": [
              "35.235.240.0/20"
            ],
            "source_service_accounts": [],
            "source_tags": [],
            "target_service_accounts": [],
            "target_tags": [
              "ssh"
            ],
            "timeouts": null
          },
          "sensitive_attributes": [],
          "private": "eyJlMmJmYjczMC1lY2FhLTExZTYtOGY4OC0zNDM2M2JjN2M0YzAiOnsiY3JlYXRlIjoxMjAwMDAwMDAwMDAwLCJkZWxldGUiOjEyMDAwMDAwMDAwMDAsInVwZGF0ZSI6MTIwMDAwMDAwMDAwMH0sInNjaGVtYV92ZXJzaW9uIjoiMSJ9",
          "dependencies": [
            "google_compute_network.this"
          ]
        }
      ]
    },
    {
      "mode": "managed",
      "type": "google_compute_instance",
      "name": "first_vm",
      "provider": "provider[\"registry.terraform.io/hashicorp/google\"]",
      "instances": [
        {
          "schema_version": 6,
          "attributes": {
            "advanced_machine_features": [],
            "allow_stopping_for_update": true,
            "attached_disk": [],
            "boot_disk": [
              {
                "auto_delete": true,
                "device_name": "persistent-disk-0",
                "disk_encryption_key_raw": "",
                "disk_encryption_key_sha256": "",
                "initialize_params": [
                  {
                    "image": "https://www.googleapis.com/compute/v1/projects/debian-cloud/global/images/debian-11-bullseye-v20231010",
                    "labels": {},
                    "resource_manager_tags": {},
                    "size": 10,
                    "type": "pd-standard"
                  }
                ],
                "kms_key_self_link": "",
                "mode": "READ_WRITE",
                "source": "https://www.googleapis.com/compute/v1/projects/fady-401509/zones/us-central1-a/disks/management-instance"
              }
            ],
            "can_ip_forward": false,
            "confidential_instance_config": [],
            "cpu_platform": "Intel Broadwell",
            "current_status": "RUNNING",
            "deletion_protection": false,
            "description": "",
            "desired_status": null,
            "effective_labels": {},
            "enable_display": false,
            "guest_accelerator": [],
            "hostname": "",
            "id": "projects/fady-401509/zones/us-central1-a/instances/management-instance",
            "instance_id": "1345663357777101032",
            "label_fingerprint": "42WmSpB8rSM=",
            "labels": {},
            "machine_type": "e2-medium",
            "metadata": {},
            "metadata_fingerprint": "vK-AUHx_cmU=",
            "metadata_startup_script": " #!/bin/bash\n   export REGION=\"us-central1\" CLUSTER_NAME=\"node-app-cluster\" CLUSTER_REGION=\"europe-west6\" PROJECT_NAME=\"fady-401509\" REPO_NAME=\"my-repository\"\n   # Install Docker\n   curl -fsSL https://get.docker.com -o get-docker.sh\n   sudo sh get-docker.sh\n   \n   # install kubectl \n   sudo apt-get install kubectl \n   \n   # install gcloud auth plugin using this command\n   sudo apt-get install google-cloud-sdk-gke-gcloud-auth-plugin\n   \n   # log in to your cluster\n   gcloud container clusters get-credentials \"$CLUSTER_NAME\" --region \"$CLUSTER_REGION\" --project \"$PREJECT_NAME\"\n   \n   # Log in to Docker Hub\n   gcloud auth print-access-token | sudo docker login -u oauth2accesstoken --password-stdin $REGION-docker.pkg.dev\n\n   # Pull and push the images\n   sudo docker pull cvallance/mongo-k8s-sidecar\n   sudo docker tag docker.io/cvallance/mongo-k8s-sidecar:latest $REGION-docker.pkg.dev/$PROJECT_NAME/$REPO_NAME/cvallance/mongo-k8s-sidecar:v1\n   sudo docker push $REGION-docker.pkg.dev/$PROJECT_NAME/$REPO_NAME/cvallance/mongo-k8s-sidecar:v1\n\n   sudo docker pull fadyelyas/mongo:v2\n   sudo docker tag docker.io/fadyelyas/mongo:v2 $REGION-docker.pkg.dev/$PROJECT_NAME/$REPO_NAME/fadyelyas/mongo:v2\n   sudo docker push $REGION-docker.pkg.dev/$PROJECT_NAME/$REPO_NAME/fadyelyas/mongo:v2\n   \n   sudo docker pull fadyelyas/mongo:v2\n   sudo docker tag docker.io/fadyelyas/node-app:v1 $REGION-docker.pkg.dev/$PROJECT_NAME/$REPO_NAME/fadyelyas/node-app:v1\n   sudo docker push $REGION-docker.pkg.dev/$PROJECT_NAME/$REPO_NAME/fadyelyas/node-app:v1\n   \n   # install git\n   sudo apt update\n   sudo apt install git -y\n   \n      # clone yaml-files-repo\n   git clone https://github.com/FadyAtefElyas/yaml-files.git\n   \n   cd yaml-files/\n   kubectl apply -f .\n   cd ../\n   \n   sudo google_metadata_script_runner startup\n   \n   ############\n",
            "min_cpu_platform": "",
            "name": "management-instance",
            "network_interface": [
              {
                "access_config": [],
                "alias_ip_range": [],
                "internal_ipv6_prefix_length": 0,
                "ipv6_access_config": [],
                "ipv6_access_type": "",
                "ipv6_address": "",
                "name": "nic0",
                "network": "https://www.googleapis.com/compute/v1/projects/fady-401509/global/networks/node-app-vpc",
                "network_ip": "10.0.1.2",
                "nic_type": "",
                "queue_count": 0,
                "stack_type": "IPV4_ONLY",
                "subnetwork": "https://www.googleapis.com/compute/v1/projects/fady-401509/regions/us-central1/subnetworks/first-subnet",
                "subnetwork_project": "fady-401509"
              }
            ],
            "network_performance_config": [],
            "params": [],
            "project": "fady-401509",
            "reservation_affinity": [],
            "resource_policies": [],
            "scheduling": [
              {
                "automatic_restart": true,
                "instance_termination_action": "",
                "local_ssd_recovery_timeout": [],
                "min_node_cpus": 0,
                "node_affinities": [],
                "on_host_maintenance": "MIGRATE",
                "preemptible": false,
                "provisioning_model": "STANDARD"
              }
            ],
            "scratch_disk": [],
            "self_link": "https://www.googleapis.com/compute/v1/projects/fady-401509/zones/us-central1-a/instances/management-instance",
            "service_account": [
              {
                "email": "manager-service-acc@fady-401509.iam.gserviceaccount.com",
                "scopes": [
                  "https://www.googleapis.com/auth/cloud-platform"
                ]
              }
            ],
            "shielded_instance_config": [
              {
                "enable_integrity_monitoring": true,
                "enable_secure_boot": false,
                "enable_vtpm": true
              }
            ],
            "tags": [
              "ssh"
            ],
            "tags_fingerprint": "pfSjJj1RiUg=",
            "terraform_labels": {},
            "timeouts": null,
            "zone": "us-central1-a"
          },
          "sensitive_attributes": [],
          "private": "eyJlMmJmYjczMC1lY2FhLTExZTYtOGY4OC0zNDM2M2JjN2M0YzAiOnsiY3JlYXRlIjoxMjAwMDAwMDAwMDAwLCJkZWxldGUiOjEyMDAwMDAwMDAwMDAsInVwZGF0ZSI6MTIwMDAwMDAwMDAwMH0sInNjaGVtYV92ZXJzaW9uIjoiNiJ9",
          "dependencies": [
            "google_compute_network.this",
            "google_compute_subnetwork.subnet1",
            "google_service_account.kubernetes_engine_developer"
          ]
        }
      ]
    },
    {
      "mode": "managed",
      "type": "google_compute_network",
      "name": "this",
      "provider": "provider[\"registry.terraform.io/hashicorp/google\"]",
      "instances": [
        {
          "schema_version": 0,
          "attributes": {
            "auto_create_subnetworks": false,
            "delete_default_routes_on_create": false,
            "description": "",
            "enable_ula_internal_ipv6": false,
            "gateway_ipv4": "",
            "id": "projects/fady-401509/global/networks/node-app-vpc",
            "internal_ipv6_range": "",
            "mtu": 0,
            "name": "node-app-vpc",
            "network_firewall_policy_enforcement_order": "AFTER_CLASSIC_FIREWALL",
            "project": "fady-401509",
            "routing_mode": "REGIONAL",
            "self_link": "https://www.googleapis.com/compute/v1/projects/fady-401509/global/networks/node-app-vpc",
            "timeouts": null
          },
          "sensitive_attributes": [],
          "private": "eyJlMmJmYjczMC1lY2FhLTExZTYtOGY4OC0zNDM2M2JjN2M0YzAiOnsiY3JlYXRlIjoxMjAwMDAwMDAwMDAwLCJkZWxldGUiOjEyMDAwMDAwMDAwMDAsInVwZGF0ZSI6MTIwMDAwMDAwMDAwMH19"
        }
      ]
    },
    {
      "mode": "managed",
      "type": "google_compute_router",
      "name": "router",
      "provider": "provider[\"registry.terraform.io/hashicorp/google\"]",
      "instances": [
        {
          "schema_version": 0,
          "attributes": {
            "bgp": [
              {
                "advertise_mode": "CUSTOM",
                "advertised_groups": [],
                "advertised_ip_ranges": [],
                "asn": 64514,
                "keepalive_interval": 20
              }
            ],
            "creation_timestamp": "2023-10-28T23:38:48.816-07:00",
            "description": "",
            "encrypted_interconnect_router": false,
            "id": "projects/fady-401509/regions/us-central1/routers/router",
            "name": "router",
            "network": "https://www.googleapis.com/compute/v1/projects/fady-401509/global/networks/node-app-vpc",
            "project": "fady-401509",
            "region": "us-central1",
            "self_link": "https://www.googleapis.com/compute/v1/projects/fady-401509/regions/us-central1/routers/router",
            "timeouts": null
          },
          "sensitive_attributes": [],
          "private": "eyJlMmJmYjczMC1lY2FhLTExZTYtOGY4OC0zNDM2M2JjN2M0YzAiOnsiY3JlYXRlIjoxMjAwMDAwMDAwMDAwLCJkZWxldGUiOjEyMDAwMDAwMDAwMDAsInVwZGF0ZSI6MTIwMDAwMDAwMDAwMH19",
          "dependencies": [
            "google_compute_network.this"
          ]
        }
      ]
    },
    {
      "mode": "managed",
      "type": "google_compute_router_nat",
      "name": "router_nat",
      "provider": "provider[\"registry.terraform.io/hashicorp/google\"]",
      "instances": [
        {
          "schema_version": 0,
          "attributes": {
            "drain_nat_ips": [],
            "enable_dynamic_port_allocation": false,
            "enable_endpoint_independent_mapping": false,
            "icmp_idle_timeout_sec": 30,
            "id": "fady-401509/us-central1/router/router-nat",
            "log_config": [],
            "max_ports_per_vm": 0,
            "min_ports_per_vm": 0,
            "name": "router-nat",
            "nat_ip_allocate_option": "AUTO_ONLY",
            "nat_ips": [],
            "project": "fady-401509",
            "region": "us-central1",
            "router": "router",
            "rules": [],
            "source_subnetwork_ip_ranges_to_nat": "LIST_OF_SUBNETWORKS",
            "subnetwork": [
              {
                "name": "https://www.googleapis.com/compute/v1/projects/fady-401509/regions/us-central1/subnetworks/first-subnet",
                "secondary_ip_range_names": [],
                "source_ip_ranges_to_nat": [
                  "ALL_IP_RANGES"
                ]
              }
            ],
            "tcp_established_idle_timeout_sec": 1200,
            "tcp_time_wait_timeout_sec": 120,
            "tcp_transitory_idle_timeout_sec": 30,
            "timeouts": null,
            "udp_idle_timeout_sec": 30
          },
          "sensitive_attributes": [],
          "private": "eyJlMmJmYjczMC1lY2FhLTExZTYtOGY4OC0zNDM2M2JjN2M0YzAiOnsiY3JlYXRlIjoxMjAwMDAwMDAwMDAwLCJkZWxldGUiOjEyMDAwMDAwMDAwMDAsInVwZGF0ZSI6MTIwMDAwMDAwMDAwMH19",
          "dependencies": [
            "google_compute_network.this",
            "google_compute_router.router",
            "google_compute_subnetwork.subnet1"
          ]
        }
      ]
    },
    {
      "mode": "managed",
      "type": "google_compute_subnetwork",
      "name": "subnet1",
      "provider": "provider[\"registry.terraform.io/hashicorp/google\"]",
      "instances": [
        {
          "schema_version": 0,
          "attributes": {
            "creation_timestamp": "2023-10-28T23:38:48.837-07:00",
            "description": "",
            "external_ipv6_prefix": "",
            "fingerprint": null,
            "gateway_address": "10.0.1.1",
            "id": "projects/fady-401509/regions/us-central1/subnetworks/first-subnet",
            "internal_ipv6_prefix": "",
            "ip_cidr_range": "10.0.1.0/24",
            "ipv6_access_type": "",
            "ipv6_cidr_range": "",
            "log_config": [],
            "name": "first-subnet",
            "network": "https://www.googleapis.com/compute/v1/projects/fady-401509/global/networks/node-app-vpc",
            "private_ip_google_access": false,
            "private_ipv6_google_access": "DISABLE_GOOGLE_ACCESS",
            "project": "fady-401509",
            "purpose": "PRIVATE",
            "region": "us-central1",
            "role": "",
            "secondary_ip_range": [],
            "self_link": "https://www.googleapis.com/compute/v1/projects/fady-401509/regions/us-central1/subnetworks/first-subnet",
            "stack_type": "IPV4_ONLY",
            "timeouts": null
          },
          "sensitive_attributes": [],
          "private": "eyJlMmJmYjczMC1lY2FhLTExZTYtOGY4OC0zNDM2M2JjN2M0YzAiOnsiY3JlYXRlIjoxMjAwMDAwMDAwMDAwLCJkZWxldGUiOjEyMDAwMDAwMDAwMDAsInVwZGF0ZSI6MTIwMDAwMDAwMDAwMH19",
          "dependencies": [
            "google_compute_network.this"
          ]
        }
      ]
    },
    {
      "mode": "managed",
      "type": "google_compute_subnetwork",
      "name": "subnet2",
      "provider": "provider[\"registry.terraform.io/hashicorp/google\"]",
      "instances": [
        {
          "schema_version": 0,
          "attributes": {
            "creation_timestamp": "2023-10-28T23:38:48.441-07:00",
            "description": "",
            "external_ipv6_prefix": "",
            "fingerprint": null,
            "gateway_address": "10.0.2.1",
            "id": "projects/fady-401509/regions/us-east1/subnetworks/sec-subnet",
            "internal_ipv6_prefix": "",
            "ip_cidr_range": "10.0.2.0/24",
            "ipv6_access_type": "",
            "ipv6_cidr_range": "",
            "log_config": [],
            "name": "sec-subnet",
            "network": "https://www.googleapis.com/compute/v1/projects/fady-401509/global/networks/node-app-vpc",
            "private_ip_google_access": false,
            "private_ipv6_google_access": "DISABLE_GOOGLE_ACCESS",
            "project": "fady-401509",
            "purpose": "PRIVATE",
            "region": "us-east1",
            "role": "",
            "secondary_ip_range": [],
            "self_link": "https://www.googleapis.com/compute/v1/projects/fady-401509/regions/us-east1/subnetworks/sec-subnet",
            "stack_type": "IPV4_ONLY",
            "timeouts": null
          },
          "sensitive_attributes": [],
          "private": "eyJlMmJmYjczMC1lY2FhLTExZTYtOGY4OC0zNDM2M2JjN2M0YzAiOnsiY3JlYXRlIjoxMjAwMDAwMDAwMDAwLCJkZWxldGUiOjEyMDAwMDAwMDAwMDAsInVwZGF0ZSI6MTIwMDAwMDAwMDAwMH19",
          "dependencies": [
            "google_compute_network.this"
          ]
        }
      ]
    },
    {
      "mode": "managed",
      "type": "google_container_cluster",
      "name": "primary",
      "provider": "provider[\"registry.terraform.io/hashicorp/google\"]",
      "instances": [
        {
          "schema_version": 2,
          "attributes": {
            "addons_config": [
              {
                "cloudrun_config": [],
                "config_connector_config": [],
                "dns_cache_config": [],
                "gce_persistent_disk_csi_driver_config": [
                  {
                    "enabled": true
                  }
                ],
                "gcp_filestore_csi_driver_config": [],
                "gcs_fuse_csi_driver_config": [],
                "gke_backup_agent_config": [],
                "horizontal_pod_autoscaling": [],
                "http_load_balancing": [],
                "network_policy_config": [
                  {
                    "disabled": true
                  }
                ]
              }
            ],
            "allow_net_admin": null,
            "authenticator_groups_config": [],
            "binary_authorization": [
              {
                "enabled": false,
                "evaluation_mode": ""
              }
            ],
            "cluster_autoscaling": [
              {
                "auto_provisioning_defaults": [],
                "enabled": false,
                "resource_limits": []
              }
            ],
            "cluster_ipv4_cidr": "10.80.0.0/14",
            "confidential_nodes": [],
            "cost_management_config": [],
            "database_encryption": [
              {
                "key_name": "",
                "state": "DECRYPTED"
              }
            ],
            "datapath_provider": "",
            "default_max_pods_per_node": 110,
            "default_snat_status": [
              {
                "disabled": false
              }
            ],
            "deletion_protection": true,
            "description": "",
            "dns_config": [],
            "enable_autopilot": false,
            "enable_intranode_visibility": false,
            "enable_k8s_beta_apis": [],
            "enable_kubernetes_alpha": false,
            "enable_l4_ilb_subsetting": false,
            "enable_legacy_abac": false,
            "enable_shielded_nodes": true,
            "enable_tpu": false,
            "endpoint": "34.65.100.24",
            "gateway_api_config": [],
            "id": "projects/fady-401509/locations/europe-west6/clusters/node-app-cluster",
            "initial_node_count": 1,
            "ip_allocation_policy": [
              {
                "additional_pod_ranges_config": [],
                "cluster_ipv4_cidr_block": "10.80.0.0/14",
                "cluster_secondary_range_name": "gke-node-app-cluster-pods-3fe22f7f",
                "pod_cidr_overprovision_config": [
                  {
                    "disabled": false
                  }
                ],
                "services_ipv4_cidr_block": "10.84.0.0/20",
                "services_secondary_range_name": "gke-node-app-cluster-services-3fe22f7f",
                "stack_type": "IPV4"
              }
            ],
            "label_fingerprint": "a9dc16a7",
            "location": "europe-west6",
            "logging_config": [
              {
                "enable_components": [
                  "SYSTEM_COMPONENTS",
                  "WORKLOADS"
                ]
              }
            ],
            "logging_service": "logging.googleapis.com/kubernetes",
            "maintenance_policy": [],
            "master_auth": [
              {
                "client_certificate": "",
                "client_certificate_config": [
                  {
                    "issue_client_certificate": false
                  }
                ],
                "client_key": "",
                "cluster_ca_certificate": "LS0tLS1CRUdJTiBDRVJUSUZJQ0FURS0tLS0tCk1JSUVMVENDQXBXZ0F3SUJBZ0lSQUpFZ0pwWDhkb09CWThYQXFzRXlqR2N3RFFZSktvWklodmNOQVFFTEJRQXcKTHpFdE1Dc0dBMVVFQXhNa01qQXpaVE15Tm1NdE9EY3dOaTAwT1RFM0xUZzNZbUl0WXpjNU9URTVNV1U1TWpVegpNQ0FYRFRJek1UQXlPVEEyTWpJd05Gb1lEekl3TlRNeE1ESXhNRGN5TWpBMFdqQXZNUzB3S3dZRFZRUURFeVF5Ck1ETmxNekkyWXkwNE56QTJMVFE1TVRjdE9EZGlZaTFqTnprNU1Ua3haVGt5TlRNd2dnR2lNQTBHQ1NxR1NJYjMKRFFFQkFRVUFBNElCandBd2dnR0tBb0lCZ1FEcWt3eGNldXI3TXk0eGtQdWdWTWIzL2o2ME1FMVNOODgxeW9uKwpsUUZUYlY1ZFMzS2N6SngrajVwb2Z2TjZRTHJXWFJCMllOdnBuOGx3NlBkbnVSRVdoT0psbVhCWXduVytTR0oyCnkwSk9FdE1Ia21kUnlIWDFxbXJUTWJ2Z2FoaURPbmdzbkZCVmtGN0JNWmZNNXVaeFRUR1lndFFERnNIN0NUbDYKeXVJZWRMRnNVZjU5cWZveWtkV0xqZVVyK3h4M2VIdWFjWmxGOTc3RTAxbjFHUVc5a25IWDJMaHlxcXNma01YUwpOcElSVHZRSVFua1l3dzlVbU9BRzc3Z1JoanYvTis2WjFlKzFJaHVSZDZCK1JmaVl5cCtVL3gwbTBHY1VtK1FKCk9nMmI0YTEzdlZNdWNvRnBtS0ZVSHE1RlZSME9oNm1IcnZWS3hMSlFPUDRlaDFFYWdDM29CcVFtdk1ZQ01hencKRHh3NENxYWNsYnZJN1BGWWxOMlpXUnpMTTNFSDRlRFBybkRFWjZRbG1Ud0Nua2U5bnFXN0diR0FWT09kTEtuawpOT3FLYkxzSmhnemVmVHE4ZmdnQ3EvS2U3WHdHelB2V1FMUVQxNkYwY1JjSU5GcWgrUWZ2dDZaY01uaGc0bjRpCnUvcTd1OG42SExxeUtGeUpUeVhJK3VOYnJERUNBd0VBQWFOQ01FQXdEZ1lEVlIwUEFRSC9CQVFEQWdJRU1BOEcKQTFVZEV3RUIvd1FGTUFNQkFmOHdIUVlEVlIwT0JCWUVGSlkyUllrdTFOMUpuckxMczdvYTFuRUY0RjhQTUEwRwpDU3FHU0liM0RRRUJDd1VBQTRJQmdRQ3RCaUdHTzRmeW04MGZ6SUZsVmdRQ2E3V1M0OUF5cDJFWnhIYXgvbkxyClEwMXRacm1xdjl0YnVuMlRUeTVVa3pNT3lveThxNzFxMlAxT0V6akgzbkgyczBhQ0lSVG9rTEtFL0FxVmNIWkkKdldkYkFMcFQ0bXBWUFZIWTlueGVFUXZ0WGpvZFpTSEx4bzV2N2pyaEtQdUpNUDhKY2hnZnRBbm5XVXRmSUZkUgpiVTgzN0VCSGlXVTkzMUsxMXprNUtlUnJDMDRKdUkxWk5BakRTV1IzVmMyYlJaYkg1U2drbmpOcEE5cDVmdTlXCjIzNWlLbzVZbi94dHVYODNvTWFEZnN6NTRyR0ZQMVB1VitYWUJ0REo1WEUreVA4VEI2Mk1HRk40a2dZczIyVkYKcklJc3ZKZzNzQmRVbzZKZ3hnZllBS3dKTk8wK1JlZ3ZvTVdYTXQvSGpLWU1yTUpDUmtNdkdjVnZSOFo5UitFYgpoNnZTeEkxTE5LLzQvVmVlKzV3NE1wb2JSc2Nrc0tjTmREY0dHNFlKY3NqZlpvOCtXUFdmRnFlbGY1MU9hUzBECjJQUElvNXFQRVJKZ05EMGIrOVg4UkYvTjdCdFkyWWxqQ055bERFYVVScGdmdGtGYTltTjhLeVo0UzFHd1Z6Vm0KTUR4aVFNZU9ONlZJbFdkc24xM3JVUzg9Ci0tLS0tRU5EIENFUlRJRklDQVRFLS0tLS0K"
              }
            ],
            "master_authorized_networks_config": [],
            "master_version": "1.27.3-gke.100",
            "mesh_certificates": [],
            "min_master_version": null,
            "monitoring_config": [
              {
                "advanced_datapath_observability_config": [
                  {
                    "enable_metrics": false,
                    "relay_mode": "DISABLED"
                  }
                ],
                "enable_components": [
                  "SYSTEM_COMPONENTS"
                ],
                "managed_prometheus": [
                  {
                    "enabled": true
                  }
                ]
              }
            ],
            "monitoring_service": "monitoring.googleapis.com/kubernetes",
            "name": "node-app-cluster",
            "network": "projects/fady-401509/global/networks/default",
            "network_policy": [
              {
                "enabled": false,
                "provider": "PROVIDER_UNSPECIFIED"
              }
            ],
            "networking_mode": "VPC_NATIVE",
            "node_config": [],
            "node_locations": [
              "europe-west6-a",
              "europe-west6-b",
              "europe-west6-c"
            ],
            "node_pool": [],
            "node_pool_auto_config": [],
            "node_pool_defaults": [
              {
                "node_config_defaults": [
                  {
                    "logging_variant": "DEFAULT"
                  }
                ]
              }
            ],
            "node_version": "1.27.3-gke.100",
            "notification_config": [
              {
                "pubsub": [
                  {
                    "enabled": false,
                    "filter": [],
                    "topic": ""
                  }
                ]
              }
            ],
            "operation": null,
            "private_cluster_config": [
              {
                "enable_private_endpoint": false,
                "enable_private_nodes": false,
                "master_global_access_config": [
                  {
                    "enabled": false
                  }
                ],
                "master_ipv4_cidr_block": "",
                "peering_name": "",
                "private_endpoint": "10.172.0.16",
                "private_endpoint_subnetwork": "",
                "public_endpoint": "34.65.100.24"
              }
            ],
            "private_ipv6_google_access": "",
            "project": "fady-401509",
            "release_channel": [
              {
                "channel": "REGULAR"
              }
            ],
            "remove_default_node_pool": true,
            "resource_labels": null,
            "resource_usage_export_config": [],
            "security_posture_config": [
              {
                "mode": "BASIC",
                "vulnerability_mode": "VULNERABILITY_MODE_UNSPECIFIED"
              }
            ],
            "self_link": "https://container.googleapis.com/v1/projects/fady-401509/locations/europe-west6/clusters/node-app-cluster",
            "service_external_ips_config": [
              {
                "enabled": false
              }
            ],
            "services_ipv4_cidr": "10.84.0.0/20",
            "subnetwork": "projects/fady-401509/regions/europe-west6/subnetworks/default",
            "timeouts": null,
            "tpu_ipv4_cidr_block": "",
            "vertical_pod_autoscaling": [],
            "workload_identity_config": []
          },
          "sensitive_attributes": [],
          "private": "eyJlMmJmYjczMC1lY2FhLTExZTYtOGY4OC0zNDM2M2JjN2M0YzAiOnsiY3JlYXRlIjoyNDAwMDAwMDAwMDAwLCJkZWxldGUiOjI0MDAwMDAwMDAwMDAsInJlYWQiOjI0MDAwMDAwMDAwMDAsInVwZGF0ZSI6MzYwMDAwMDAwMDAwMH0sInNjaGVtYV92ZXJzaW9uIjoiMiJ9"
        }
      ]
    },
    {
      "mode": "managed",
      "type": "google_container_node_pool",
      "name": "primary_preemptible_nodes",
      "provider": "provider[\"registry.terraform.io/hashicorp/google\"]",
      "instances": [
        {
          "schema_version": 1,
          "attributes": {
            "autoscaling": [],
            "cluster": "node-app-cluster",
            "id": "projects/fady-401509/locations/europe-west6/clusters/node-app-cluster/nodePools/my-node-pool",
            "initial_node_count": 1,
            "instance_group_urls": [
              "https://www.googleapis.com/compute/v1/projects/fady-401509/zones/europe-west6-a/instanceGroupManagers/gke-node-app-cluster-my-node-pool-5fc929bd-grp",
              "https://www.googleapis.com/compute/v1/projects/fady-401509/zones/europe-west6-c/instanceGroupManagers/gke-node-app-cluster-my-node-pool-6004476c-grp",
              "https://www.googleapis.com/compute/v1/projects/fady-401509/zones/europe-west6-b/instanceGroupManagers/gke-node-app-cluster-my-node-pool-179e8ce6-grp"
            ],
            "location": "europe-west6",
            "managed_instance_group_urls": [
              "https://www.googleapis.com/compute/v1/projects/fady-401509/zones/europe-west6-a/instanceGroups/gke-node-app-cluster-my-node-pool-5fc929bd-grp",
              "https://www.googleapis.com/compute/v1/projects/fady-401509/zones/europe-west6-c/instanceGroups/gke-node-app-cluster-my-node-pool-6004476c-grp",
              "https://www.googleapis.com/compute/v1/projects/fady-401509/zones/europe-west6-b/instanceGroups/gke-node-app-cluster-my-node-pool-179e8ce6-grp"
            ],
            "management": [
              {
                "auto_repair": true,
                "auto_upgrade": true
              }
            ],
            "max_pods_per_node": 110,
            "name": "my-node-pool",
            "name_prefix": "",
            "network_config": [
              {
                "create_pod_range": false,
                "enable_private_nodes": false,
                "pod_cidr_overprovision_config": [],
                "pod_ipv4_cidr_block": "10.80.0.0/14",
                "pod_range": "gke-node-app-cluster-pods-3fe22f7f"
              }
            ],
            "node_config": [
              {
                "advanced_machine_features": [],
                "boot_disk_kms_key": "",
                "confidential_nodes": [],
                "disk_size_gb": 100,
                "disk_type": "pd-balanced",
                "effective_taints": [],
                "ephemeral_storage_local_ssd_config": [],
                "fast_socket": [],
                "gcfs_config": [],
                "guest_accelerator": [],
                "gvnic": [],
                "host_maintenance_policy": [],
                "image_type": "COS_CONTAINERD",
                "kubelet_config": [],
                "labels": {},
                "linux_node_config": [],
                "local_nvme_ssd_block_config": [],
                "local_ssd_count": 0,
                "logging_variant": "DEFAULT",
                "machine_type": "e2-medium",
                "metadata": {
                  "disable-legacy-endpoints": "true"
                },
                "min_cpu_platform": "",
                "node_group": "",
                "oauth_scopes": [
                  "https://www.googleapis.com/auth/cloud-platform"
                ],
                "preemptible": true,
                "reservation_affinity": [],
                "resource_labels": null,
                "service_account": "k8s-service-acc@fady-401509.iam.gserviceaccount.com",
                "shielded_instance_config": [
                  {
                    "enable_integrity_monitoring": true,
                    "enable_secure_boot": false
                  }
                ],
                "sole_tenant_config": [],
                "spot": false,
                "tags": null,
                "taint": [],
                "workload_metadata_config": []
              }
            ],
            "node_count": 1,
            "node_locations": [
              "europe-west6-a",
              "europe-west6-b",
              "europe-west6-c"
            ],
            "operation": null,
            "placement_policy": [],
            "project": "fady-401509",
            "timeouts": null,
            "upgrade_settings": [
              {
                "blue_green_settings": [],
                "max_surge": 1,
                "max_unavailable": 0,
                "strategy": "SURGE"
              }
            ],
            "version": "1.27.3-gke.100"
          },
          "sensitive_attributes": [],
          "private": "eyJlMmJmYjczMC1lY2FhLTExZTYtOGY4OC0zNDM2M2JjN2M0YzAiOnsiY3JlYXRlIjoxODAwMDAwMDAwMDAwLCJkZWxldGUiOjE4MDAwMDAwMDAwMDAsInVwZGF0ZSI6MTgwMDAwMDAwMDAwMH0sInNjaGVtYV92ZXJzaW9uIjoiMSJ9",
          "dependencies": [
            "google_container_cluster.primary",
            "google_service_account.kubernetes_cluster_sa"
          ]
        }
      ]
    },
    {
      "mode": "managed",
      "type": "google_project_iam_member",
      "name": "kubernetes_engine_developer_role",
      "provider": "provider[\"registry.terraform.io/hashicorp/google\"]",
      "instances": [
        {
          "schema_version": 0,
          "attributes": {
            "condition": [],
            "etag": "BwYI1SuRsjM=",
            "id": "fady-401509/roles/artifactregistry.admin/serviceAccount:manager-service-acc@fady-401509.iam.gserviceaccount.com",
            "member": "serviceAccount:manager-service-acc@fady-401509.iam.gserviceaccount.com",
            "project": "fady-401509",
            "role": "roles/artifactregistry.admin"
          },
          "sensitive_attributes": [],
          "private": "bnVsbA==",
          "dependencies": [
            "google_service_account.kubernetes_engine_developer"
          ]
        }
      ]
    },
    {
      "mode": "managed",
      "type": "google_project_iam_member",
      "name": "kubernetes_engine_developer_role2",
      "provider": "provider[\"registry.terraform.io/hashicorp/google\"]",
      "instances": [
        {
          "schema_version": 0,
          "attributes": {
            "condition": [],
            "etag": "BwYI1SuRsjM=",
            "id": "fady-401509/roles/container.admin/serviceAccount:manager-service-acc@fady-401509.iam.gserviceaccount.com",
            "member": "serviceAccount:manager-service-acc@fady-401509.iam.gserviceaccount.com",
            "project": "fady-401509",
            "role": "roles/container.admin"
          },
          "sensitive_attributes": [],
          "private": "bnVsbA==",
          "dependencies": [
            "google_service_account.kubernetes_engine_developer"
          ]
        }
      ]
    },
    {
      "mode": "managed",
      "type": "google_project_iam_member",
      "name": "my_service_account_roles",
      "provider": "provider[\"registry.terraform.io/hashicorp/google\"]",
      "instances": [
        {
          "schema_version": 0,
          "attributes": {
            "condition": [],
            "etag": "BwYI1SuRsjM=",
            "id": "fady-401509/roles/artifactregistry.admin/serviceAccount:k8s-service-acc@fady-401509.iam.gserviceaccount.com",
            "member": "serviceAccount:k8s-service-acc@fady-401509.iam.gserviceaccount.com",
            "project": "fady-401509",
            "role": "roles/artifactregistry.admin"
          },
          "sensitive_attributes": [],
          "private": "bnVsbA==",
          "dependencies": [
            "google_service_account.kubernetes_cluster_sa"
          ]
        }
      ]
    },
    {
      "mode": "managed",
      "type": "google_service_account",
      "name": "kubernetes_cluster_sa",
      "provider": "provider[\"registry.terraform.io/hashicorp/google\"]",
      "instances": [
        {
          "schema_version": 0,
          "attributes": {
            "account_id": "k8s-service-acc",
            "description": "",
            "disabled": false,
            "display_name": "k8s-service-acc",
            "email": "k8s-service-acc@fady-401509.iam.gserviceaccount.com",
            "id": "projects/fady-401509/serviceAccounts/k8s-service-acc@fady-401509.iam.gserviceaccount.com",
            "member": "serviceAccount:k8s-service-acc@fady-401509.iam.gserviceaccount.com",
            "name": "projects/fady-401509/serviceAccounts/k8s-service-acc@fady-401509.iam.gserviceaccount.com",
            "project": "fady-401509",
            "timeouts": null,
            "unique_id": "102908704854861478823"
          },
          "sensitive_attributes": [],
          "private": "eyJlMmJmYjczMC1lY2FhLTExZTYtOGY4OC0zNDM2M2JjN2M0YzAiOnsiY3JlYXRlIjozMDAwMDAwMDAwMDB9fQ=="
        }
      ]
    },
    {
      "mode": "managed",
      "type": "google_service_account",
      "name": "kubernetes_engine_developer",
      "provider": "provider[\"registry.terraform.io/hashicorp/google\"]",
      "instances": [
        {
          "schema_version": 0,
          "attributes": {
            "account_id": "manager-service-acc",
            "description": "",
            "disabled": false,
            "display_name": "manager-service-acc",
            "email": "manager-service-acc@fady-401509.iam.gserviceaccount.com",
            "id": "projects/fady-401509/serviceAccounts/manager-service-acc@fady-401509.iam.gserviceaccount.com",
            "member": "serviceAccount:manager-service-acc@fady-401509.iam.gserviceaccount.com",
            "name": "projects/fady-401509/serviceAccounts/manager-service-acc@fady-401509.iam.gserviceaccount.com",
            "project": "fady-401509",
            "timeouts": null,
            "unique_id": "109100063613743094735"
          },
          "sensitive_attributes": [],
          "private": "eyJlMmJmYjczMC1lY2FhLTExZTYtOGY4OC0zNDM2M2JjN2M0YzAiOnsiY3JlYXRlIjozMDAwMDAwMDAwMDB9fQ=="
        }
      ]
    }
  ],
  "check_results": null
}
